
Microsoft Visual Studio Solution File, Format Version 12.00
# Visual Studio 2012
Project("{FAE04EC0-301F-11D3-BF4B-00C04F79EFBC}") = "Scribber", "Scribber\Scribber.csproj", "{324F38D6-1FAD-4FA2-8BBF-59347B8F3F3C}"
EndProject
Project("{FAE04EC0-301F-11D3-BF4B-00C04F79EFBC}") = "Configuration", "Configuration\Configuration.csproj", "{11EEE386-2C8C-4105-A84C-84F6C453D13D}"
EndProject
Project("{FAE04EC0-301F-11D3-BF4B-00C04F79EFBC}") = "Recorder", "Recorder\Recorder.csproj", "{E9F47FE6-372D-4C4A-AA47-E4CC3782B350}"
EndProject
Project("{FAE04EC0-301F-11D3-BF4B-00C04F79EFBC}") = "App", "App\App.csproj", "{8331979F-807F-4813-AAA2-7B7E6572BDD2}"
EndProject
Project("{FAE04EC0-301F-11D3-BF4B-00C04F79EFBC}") = "CodeSelector", "..\..\..\Desktop\TrabalhoFinal\CodeSelector\CodeSelector.csproj", "{E6A29E16-E312-49F1-8C87-60D435D3BBAC}"
EndProject
Global
	GlobalSection(SolutionConfigurationPlatforms) = preSolution
		Debug|Any CPU = Debug|Any CPU
		Release|Any CPU = Release|Any CPU
	EndGlobalSection
	GlobalSection(ProjectConfigurationPlatforms) = postSolution
		{324F38D6-1FAD-4FA2-8BBF-59347B8F3F3C}.Debug|Any CPU.ActiveCfg = Debug|Any CPU
		{324F38D6-1FAD-4FA2-8BBF-59347B8F3F3C}.Debug|Any CPU.Build.0 = Debug|Any CPU
		{324F38D6-1FAD-4FA2-8BBF-59347B8F3F3C}.Release|Any CPU.ActiveCfg = Release|Any CPU
		{324F38D6-1FAD-4FA2-8BBF-59347B8F3F3C}.Release|Any CPU.Build.0 = Release|Any CPU
		{11EEE386-2C8C-4105-A84C-84F6C453D13D}.Debug|Any CPU.ActiveCfg = Debug|Any CPU
		{11EEE386-2C8C-4105-A84C-84F6C453D13D}.Debug|Any CPU.Build.0 = Debug|Any CPU
		{11EEE386-2C8C-4105-A84C-84F6C453D13D}.Release|Any CPU.ActiveCfg = Release|Any CPU
		{11EEE386-2C8C-4105-A84C-84F6C453D13D}.Release|Any CPU.Build.0 = Release|Any CPU
		{E9F47FE6-372D-4C4A-AA47-E4CC3782B350}.Debug|Any CPU.ActiveCfg = Debug|Any CPU
		{E9F47FE6-372D-4C4A-AA47-E4CC3782B350}.Debug|Any CPU.Build.0 = Debug|Any CPU
		{E9F47FE6-372D-4C4A-AA47-E4CC3782B350}.Release|Any CPU.ActiveCfg = Release|Any CPU
		{E9F47FE6-372D-4C4A-AA47-E4CC3782B350}.Release|Any CPU.Build.0 = Release|Any CPU
		{8331979F-807F-4813-AAA2-7B7E6572BDD2}.Debug|Any CPU.ActiveCfg = Debug|Any CPU
		{8331979F-807F-4813-AAA2-7B7E6572BDD2}.Debug|Any CPU.Build.0 = Debug|Any CPU
		{8331979F-807F-4813-AAA2-7B7E6572BDD2}.Release|Any CPU.ActiveCfg = Release|Any CPU
		{8331979F-807F-4813-AAA2-7B7E6572BDD2}.Release|Any CPU.Build.0 = Release|Any CPU
		{E6A29E16-E312-49F1-8C87-60D435D3BBAC}.Debug|Any CPU.ActiveCfg = Debug|Any CPU
		{E6A29E16-E312-49F1-8C87-60D435D3BBAC}.Debug|Any CPU.Build.0 = Debug|Any CPU
		{E6A29E16-E312-49F1-8C87-60D435D3BBAC}.Release|Any CPU.ActiveCfg = Release|Any CPU
		{E6A29E16-E312-49F1-8C87-60D435D3BBAC}.Release|Any CPU.Build.0 = Release|Any CPU
	EndGlobalSection
	GlobalSection(SolutionProperties) = preSolution
		HideSolutionNode = FALSE
	EndGlobalSection
EndGlobal
